
Microsoft Visual Studio Solution File, Format Version 12.00
# Visual Studio Version 16
VisualStudioVersion = 16.0.29123.88
MinimumVisualStudioVersion = 10.0.40219.1
Project("{FAE04EC0-301F-11D3-BF4B-00C04F79EFBC}") = "HowWordsRepeat", "HowWordsRepeat.csproj", "{67495964-11BA-41B4-A0B5-7B1E8F914B42}"
EndProject
Project("{FAE04EC0-301F-11D3-BF4B-00C04F79EFBC}") = "RepeatTest", "Repeat\RepeatTest.csproj", "{802D35AD-4773-4931-A2AF-FEB1ED8B737D}"
EndProject
Global
	GlobalSection(SolutionConfigurationPlatforms) = preSolution
		Debug|Any CPU = Debug|Any CPU
		Release|Any CPU = Release|Any CPU
	EndGlobalSection
	GlobalSection(ProjectConfigurationPlatforms) = postSolution
		{67495964-11BA-41B4-A0B5-7B1E8F914B42}.Debug|Any CPU.ActiveCfg = Debug|Any CPU
		{67495964-11BA-41B4-A0B5-7B1E8F914B42}.Debug|Any CPU.Build.0 = Debug|Any CPU
		{67495964-11BA-41B4-A0B5-7B1E8F914B42}.Release|Any CPU.ActiveCfg = Release|Any CPU
		{67495964-11BA-41B4-A0B5-7B1E8F914B42}.Release|Any CPU.Build.0 = Release|Any CPU
		{802D35AD-4773-4931-A2AF-FEB1ED8B737D}.Debug|Any CPU.ActiveCfg = Debug|Any CPU
		{802D35AD-4773-4931-A2AF-FEB1ED8B737D}.Debug|Any CPU.Build.0 = Debug|Any CPU
		{802D35AD-4773-4931-A2AF-FEB1ED8B737D}.Release|Any CPU.ActiveCfg = Release|Any CPU
		{802D35AD-4773-4931-A2AF-FEB1ED8B737D}.Release|Any CPU.Build.0 = Release|Any CPU
	EndGlobalSection
	GlobalSection(SolutionProperties) = preSolution
		HideSolutionNode = FALSE
	EndGlobalSection
	GlobalSection(ExtensibilityGlobals) = postSolution
		SolutionGuid = {7E1D9A41-9F9E-4768-95DF-16170D7E88D7}
	EndGlobalSection
EndGlobal
